
Microsoft Visual Studio Solution File, Format Version 12.00
# Visual Studio 15
VisualStudioVersion = 15.0.28307.329
MinimumVisualStudioVersion = 10.0.40219.1
Project("{FAE04EC0-301F-11D3-BF4B-00C04F79EFBC}") = "ExceptionHandling", "ExceptionHandling\ExceptionHandling.csproj", "{13B23979-FE70-47A7-86A4-F43CFECAC785}"
EndProject
Global
	GlobalSection(SolutionConfigurationPlatforms) = preSolution
		Debug|Any CPU = Debug|Any CPU
		Release|Any CPU = Release|Any CPU
	EndGlobalSection
	GlobalSection(ProjectConfigurationPlatforms) = postSolution
		{13B23979-FE70-47A7-86A4-F43CFECAC785}.Debug|Any CPU.ActiveCfg = Debug|Any CPU
		{13B23979-FE70-47A7-86A4-F43CFECAC785}.Debug|Any CPU.Build.0 = Debug|Any CPU
		{13B23979-FE70-47A7-86A4-F43CFECAC785}.Release|Any CPU.ActiveCfg = Release|Any CPU
		{13B23979-FE70-47A7-86A4-F43CFECAC785}.Release|Any CPU.Build.0 = Release|Any CPU
	EndGlobalSection
	GlobalSection(SolutionProperties) = preSolution
		HideSolutionNode = FALSE
	EndGlobalSection
	GlobalSection(ExtensibilityGlobals) = postSolution
		SolutionGuid = {9B4C8AF7-5ED0-40E1-942E-646162D2D156}
	EndGlobalSection
EndGlobal
